// !$*UTF8*$!
{
	archiveVersion = 1;
	classes = {
	};
	objectVersion = 50;
	objects = {

/* Begin PBXBuildFile section */
		0A2EC7A724F00AFB0010CB11 /* OptionalType.swift in Sources */ = {isa = PBXBuildFile; fileRef = 0A2EC7A624F00AFB0010CB11 /* OptionalType.swift */; };
		0A37811524E6E3FB00095153 /* RemoteConfigSerializable.swift in Sources */ = {isa = PBXBuildFile; fileRef = 0A37811424E6E3FB00095153 /* RemoteConfigSerializable.swift */; };
		0A37811724E6E4A700095153 /* RemoteConfigKeys.swift in Sources */ = {isa = PBXBuildFile; fileRef = 0A37811624E6E4A700095153 /* RemoteConfigKeys.swift */; };
		0A37811924E6E4D600095153 /* RemoteConfigKey.swift in Sources */ = {isa = PBXBuildFile; fileRef = 0A37811824E6E4D600095153 /* RemoteConfigKey.swift */; };
		0A37811B24E6EDA000095153 /* RemoteConfigAdapter.swift in Sources */ = {isa = PBXBuildFile; fileRef = 0A37811A24E6EDA000095153 /* RemoteConfigAdapter.swift */; };
		0A37BCF424F6A1ED004EED03 /* RemoteConfigKeys+Extensions.swift in Sources */ = {isa = PBXBuildFile; fileRef = 0A37BCF324F6A1ED004EED03 /* RemoteConfigKeys+Extensions.swift */; };
		0A463E9A24EECEE1006AA3C7 /* FirebaseABTesting.framework in Frameworks */ = {isa = PBXBuildFile; fileRef = 0A5B761924E4405D00471622 /* FirebaseABTesting.framework */; };
		0A463E9C24EECEE1006AA3C7 /* FirebaseRemoteConfig.framework in Frameworks */ = {isa = PBXBuildFile; fileRef = 0A5B761A24E4405D00471622 /* FirebaseRemoteConfig.framework */; };
		0A463E9E24EECEE1006AA3C7 /* Protobuf.framework in Frameworks */ = {isa = PBXBuildFile; fileRef = 0A5B761B24E4405D00471622 /* Protobuf.framework */; };
		0A463EAC24EECEE1006AA3C7 /* PromisesObjC.framework in Frameworks */ = {isa = PBXBuildFile; fileRef = 0A463EA124EECEE1006AA3C7 /* PromisesObjC.framework */; };
		0A463EAE24EECEE1006AA3C7 /* FirebaseInstallations.framework in Frameworks */ = {isa = PBXBuildFile; fileRef = 0A463EA224EECEE1006AA3C7 /* FirebaseInstallations.framework */; };
		0A463EB224EECEE1006AA3C7 /* GoogleDataTransport.framework in Frameworks */ = {isa = PBXBuildFile; fileRef = 0A463EA424EECEE1006AA3C7 /* GoogleDataTransport.framework */; };
		0A463EB424EECEE1006AA3C7 /* GoogleAppMeasurement.framework in Frameworks */ = {isa = PBXBuildFile; fileRef = 0A463EA524EECEE1006AA3C7 /* GoogleAppMeasurement.framework */; };
		0A463EB624EECEE1006AA3C7 /* GoogleUtilities.framework in Frameworks */ = {isa = PBXBuildFile; fileRef = 0A463EA624EECEE1006AA3C7 /* GoogleUtilities.framework */; };
		0A463EB824EECEE1006AA3C7 /* FirebaseAnalytics.framework in Frameworks */ = {isa = PBXBuildFile; fileRef = 0A463EA724EECEE1006AA3C7 /* FirebaseAnalytics.framework */; };
		0A463EBA24EECEE1006AA3C7 /* FirebaseCore.framework in Frameworks */ = {isa = PBXBuildFile; fileRef = 0A463EA824EECEE1006AA3C7 /* FirebaseCore.framework */; };
		0A463EBC24EECEE1006AA3C7 /* FIRAnalyticsConnector.framework in Frameworks */ = {isa = PBXBuildFile; fileRef = 0A463EA924EECEE1006AA3C7 /* FIRAnalyticsConnector.framework */; };
		0A463EBE24EECEE1006AA3C7 /* FirebaseCoreDiagnostics.framework in Frameworks */ = {isa = PBXBuildFile; fileRef = 0A463EAA24EECEE1006AA3C7 /* FirebaseCoreDiagnostics.framework */; };
		0A463EC024EECEE1006AA3C7 /* nanopb.framework in Frameworks */ = {isa = PBXBuildFile; fileRef = 0A463EAB24EECEE1006AA3C7 /* nanopb.framework */; };
		0A463EC524EED80D006AA3C7 /* StoreKit.framework in Frameworks */ = {isa = PBXBuildFile; fileRef = 0A463EC424EED80D006AA3C7 /* StoreKit.framework */; };
		0A463EC724EED9DE006AA3C7 /* RemoteConfig+Subscripts.swift in Sources */ = {isa = PBXBuildFile; fileRef = 0A463EC624EED9DE006AA3C7 /* RemoteConfig+Subscripts.swift */; };
		0A56AD1624D9A47B003750B6 /* SwiftyRemoteConfig.framework in Frameworks */ = {isa = PBXBuildFile; fileRef = 0A56AD0C24D9A47B003750B6 /* SwiftyRemoteConfig.framework */; };
		0A56AD1B24D9A47B003750B6 /* SwiftyRemoteConfigTests.swift in Sources */ = {isa = PBXBuildFile; fileRef = 0A56AD1A24D9A47B003750B6 /* SwiftyRemoteConfigTests.swift */; };
		0A56AD1D24D9A47B003750B6 /* SwiftyRemoteConfig.h in Headers */ = {isa = PBXBuildFile; fileRef = 0A56AD0F24D9A47B003750B6 /* SwiftyRemoteConfig.h */; settings = {ATTRIBUTES = (Public, ); }; };
		0A57EB3D24F16E4D00BFBC7F /* RemoteConfigObserver.swift in Sources */ = {isa = PBXBuildFile; fileRef = 0A57EB3C24F16E4D00BFBC7F /* RemoteConfigObserver.swift */; };
		0A57EB3F24F2962D00BFBC7F /* PropertyWrappers.swift in Sources */ = {isa = PBXBuildFile; fileRef = 0A57EB3E24F2962D00BFBC7F /* PropertyWrappers.swift */; };
		0A57EB4124F2A2FC00BFBC7F /* RemoteConfig+Observing.swift in Sources */ = {isa = PBXBuildFile; fileRef = 0A57EB4024F2A2FC00BFBC7F /* RemoteConfig+Observing.swift */; };
		0A5B761C24E4405D00471622 /* FirebaseABTesting.framework in Frameworks */ = {isa = PBXBuildFile; fileRef = 0A5B761924E4405D00471622 /* FirebaseABTesting.framework */; };
		0A5B761E24E4405D00471622 /* FirebaseRemoteConfig.framework in Frameworks */ = {isa = PBXBuildFile; fileRef = 0A5B761A24E4405D00471622 /* FirebaseRemoteConfig.framework */; };
		0A5B762024E4405D00471622 /* Protobuf.framework in Frameworks */ = {isa = PBXBuildFile; fileRef = 0A5B761B24E4405D00471622 /* Protobuf.framework */; };
		0A66507224EC3F7E00DF9C19 /* README.md in Resources */ = {isa = PBXBuildFile; fileRef = 0A66507124EC3F7E00DF9C19 /* README.md */; };
		0A726E9C24EC3D7C006C01A3 /* XCTestManifests.swift in Sources */ = {isa = PBXBuildFile; fileRef = 0A726E9B24EC3D7C006C01A3 /* XCTestManifests.swift */; };
		0AAE133824E440C900E86EEF /* RemoteConfig.swift in Sources */ = {isa = PBXBuildFile; fileRef = 0AAE133724E440C900E86EEF /* RemoteConfig.swift */; };
		0AAE133A24E444B100E86EEF /* RemoteConfigBridge.swift in Sources */ = {isa = PBXBuildFile; fileRef = 0AAE133924E444B100E86EEF /* RemoteConfigBridge.swift */; };
		0AC2342B24F555D40000770F /* AppDelegate.swift in Sources */ = {isa = PBXBuildFile; fileRef = 0AC2342A24F555D40000770F /* AppDelegate.swift */; };
		0AC2342D24F555D40000770F /* SceneDelegate.swift in Sources */ = {isa = PBXBuildFile; fileRef = 0AC2342C24F555D40000770F /* SceneDelegate.swift */; };
		0AC2342F24F555D40000770F /* ContentView.swift in Sources */ = {isa = PBXBuildFile; fileRef = 0AC2342E24F555D40000770F /* ContentView.swift */; };
		0AC2343124F555D50000770F /* Assets.xcassets in Resources */ = {isa = PBXBuildFile; fileRef = 0AC2343024F555D50000770F /* Assets.xcassets */; };
		0AC2343424F555D50000770F /* Preview Assets.xcassets in Resources */ = {isa = PBXBuildFile; fileRef = 0AC2343324F555D50000770F /* Preview Assets.xcassets */; };
		0AC2343724F555D50000770F /* LaunchScreen.storyboard in Resources */ = {isa = PBXBuildFile; fileRef = 0AC2343524F555D50000770F /* LaunchScreen.storyboard */; };
		0AC2343C24F555FA0000770F /* SwiftyRemoteConfig.framework in Frameworks */ = {isa = PBXBuildFile; fileRef = 0A56AD0C24D9A47B003750B6 /* SwiftyRemoteConfig.framework */; };
		0AC2343D24F555FA0000770F /* SwiftyRemoteConfig.framework in Embed Frameworks */ = {isa = PBXBuildFile; fileRef = 0A56AD0C24D9A47B003750B6 /* SwiftyRemoteConfig.framework */; settings = {ATTRIBUTES = (CodeSignOnCopy, RemoveHeadersOnCopy, ); }; };
		0AC2344124F556280000770F /* StoreKit.framework in Frameworks */ = {isa = PBXBuildFile; fileRef = 0A463EC424EED80D006AA3C7 /* StoreKit.framework */; };
		0AC2344224F556300000770F /* AdSupport.framework in Frameworks */ = {isa = PBXBuildFile; fileRef = 0A463EC224EED7FD006AA3C7 /* AdSupport.framework */; };
		0AC2344324F556490000770F /* FIRAnalyticsConnector.framework in Frameworks */ = {isa = PBXBuildFile; fileRef = 0A463EA924EECEE1006AA3C7 /* FIRAnalyticsConnector.framework */; };
		0AC2344524F556490000770F /* Firebase.framework in Frameworks */ = {isa = PBXBuildFile; fileRef = 0A463EA324EECEE1006AA3C7 /* Firebase.framework */; };
		0AC2344724F556490000770F /* FirebaseABTesting.framework in Frameworks */ = {isa = PBXBuildFile; fileRef = 0A5B761924E4405D00471622 /* FirebaseABTesting.framework */; };
		0AC2344924F556490000770F /* FirebaseAnalytics.framework in Frameworks */ = {isa = PBXBuildFile; fileRef = 0A463EA724EECEE1006AA3C7 /* FirebaseAnalytics.framework */; };
		0AC2344B24F556490000770F /* FirebaseCore.framework in Frameworks */ = {isa = PBXBuildFile; fileRef = 0A463EA824EECEE1006AA3C7 /* FirebaseCore.framework */; };
		0AC2344D24F556490000770F /* FirebaseCoreDiagnostics.framework in Frameworks */ = {isa = PBXBuildFile; fileRef = 0A463EAA24EECEE1006AA3C7 /* FirebaseCoreDiagnostics.framework */; };
		0AC2344F24F556490000770F /* FirebaseInstallations.framework in Frameworks */ = {isa = PBXBuildFile; fileRef = 0A463EA224EECEE1006AA3C7 /* FirebaseInstallations.framework */; };
		0AC2345124F556490000770F /* FirebaseRemoteConfig.framework in Frameworks */ = {isa = PBXBuildFile; fileRef = 0A5B761A24E4405D00471622 /* FirebaseRemoteConfig.framework */; };
		0AC2345324F556490000770F /* GoogleAppMeasurement.framework in Frameworks */ = {isa = PBXBuildFile; fileRef = 0A463EA524EECEE1006AA3C7 /* GoogleAppMeasurement.framework */; };
		0AC2345524F556490000770F /* GoogleDataTransport.framework in Frameworks */ = {isa = PBXBuildFile; fileRef = 0A463EA424EECEE1006AA3C7 /* GoogleDataTransport.framework */; };
		0AC2345724F556490000770F /* GoogleUtilities.framework in Frameworks */ = {isa = PBXBuildFile; fileRef = 0A463EA624EECEE1006AA3C7 /* GoogleUtilities.framework */; };
		0AC2345924F556490000770F /* nanopb.framework in Frameworks */ = {isa = PBXBuildFile; fileRef = 0A463EAB24EECEE1006AA3C7 /* nanopb.framework */; };
		0AC2345B24F556490000770F /* PromisesObjC.framework in Frameworks */ = {isa = PBXBuildFile; fileRef = 0A463EA124EECEE1006AA3C7 /* PromisesObjC.framework */; };
		0AC2345D24F556490000770F /* Protobuf.framework in Frameworks */ = {isa = PBXBuildFile; fileRef = 0A5B761B24E4405D00471622 /* Protobuf.framework */; };
		0AC2346324F55A9B0000770F /* BuiltIns.swift in Sources */ = {isa = PBXBuildFile; fileRef = 0AC2346124F55A7D0000770F /* BuiltIns.swift */; };
/* End PBXBuildFile section */

/* Begin PBXContainerItemProxy section */
		0A56AD1724D9A47B003750B6 /* PBXContainerItemProxy */ = {
			isa = PBXContainerItemProxy;
			containerPortal = 0A56AD0324D9A47B003750B6 /* Project object */;
			proxyType = 1;
			remoteGlobalIDString = 0A56AD0B24D9A47B003750B6;
			remoteInfo = SwiftyRemoteConfig;
		};
		0AC2343E24F555FA0000770F /* PBXContainerItemProxy */ = {
			isa = PBXContainerItemProxy;
			containerPortal = 0A56AD0324D9A47B003750B6 /* Project object */;
			proxyType = 1;
			remoteGlobalIDString = 0A56AD0B24D9A47B003750B6;
			remoteInfo = SwiftyRemoteConfig;
		};
/* End PBXContainerItemProxy section */

/* Begin PBXCopyFilesBuildPhase section */
		0AC2344024F555FA0000770F /* Embed Frameworks */ = {
			isa = PBXCopyFilesBuildPhase;
			buildActionMask = 2147483647;
			dstPath = "";
			dstSubfolderSpec = 10;
			files = (
				0AC2343D24F555FA0000770F /* SwiftyRemoteConfig.framework in Embed Frameworks */,
			);
			name = "Embed Frameworks";
			runOnlyForDeploymentPostprocessing = 0;
		};
/* End PBXCopyFilesBuildPhase section */

/* Begin PBXFileReference section */
		0A2EC7A624F00AFB0010CB11 /* OptionalType.swift */ = {isa = PBXFileReference; lastKnownFileType = sourcecode.swift; path = OptionalType.swift; sourceTree = "<group>"; };
		0A37811424E6E3FB00095153 /* RemoteConfigSerializable.swift */ = {isa = PBXFileReference; lastKnownFileType = sourcecode.swift; path = RemoteConfigSerializable.swift; sourceTree = "<group>"; };
		0A37811624E6E4A700095153 /* RemoteConfigKeys.swift */ = {isa = PBXFileReference; lastKnownFileType = sourcecode.swift; path = RemoteConfigKeys.swift; sourceTree = "<group>"; };
		0A37811824E6E4D600095153 /* RemoteConfigKey.swift */ = {isa = PBXFileReference; lastKnownFileType = sourcecode.swift; path = RemoteConfigKey.swift; sourceTree = "<group>"; };
		0A37811A24E6EDA000095153 /* RemoteConfigAdapter.swift */ = {isa = PBXFileReference; lastKnownFileType = sourcecode.swift; path = RemoteConfigAdapter.swift; sourceTree = "<group>"; };
		0A37BCF324F6A1ED004EED03 /* RemoteConfigKeys+Extensions.swift */ = {isa = PBXFileReference; lastKnownFileType = sourcecode.swift; path = "RemoteConfigKeys+Extensions.swift"; sourceTree = "<group>"; };
		0A463EA124EECEE1006AA3C7 /* PromisesObjC.framework */ = {isa = PBXFileReference; lastKnownFileType = wrapper.framework; name = PromisesObjC.framework; path = Carthage/Build/iOS/PromisesObjC.framework; sourceTree = "<group>"; };
		0A463EA224EECEE1006AA3C7 /* FirebaseInstallations.framework */ = {isa = PBXFileReference; lastKnownFileType = wrapper.framework; name = FirebaseInstallations.framework; path = Carthage/Build/iOS/FirebaseInstallations.framework; sourceTree = "<group>"; };
		0A463EA324EECEE1006AA3C7 /* Firebase.framework */ = {isa = PBXFileReference; lastKnownFileType = wrapper.framework; name = Firebase.framework; path = Carthage/Build/iOS/Firebase.framework; sourceTree = "<group>"; };
		0A463EA424EECEE1006AA3C7 /* GoogleDataTransport.framework */ = {isa = PBXFileReference; lastKnownFileType = wrapper.framework; name = GoogleDataTransport.framework; path = Carthage/Build/iOS/GoogleDataTransport.framework; sourceTree = "<group>"; };
		0A463EA524EECEE1006AA3C7 /* GoogleAppMeasurement.framework */ = {isa = PBXFileReference; lastKnownFileType = wrapper.framework; name = GoogleAppMeasurement.framework; path = Carthage/Build/iOS/GoogleAppMeasurement.framework; sourceTree = "<group>"; };
		0A463EA624EECEE1006AA3C7 /* GoogleUtilities.framework */ = {isa = PBXFileReference; lastKnownFileType = wrapper.framework; name = GoogleUtilities.framework; path = Carthage/Build/iOS/GoogleUtilities.framework; sourceTree = "<group>"; };
		0A463EA724EECEE1006AA3C7 /* FirebaseAnalytics.framework */ = {isa = PBXFileReference; lastKnownFileType = wrapper.framework; name = FirebaseAnalytics.framework; path = Carthage/Build/iOS/FirebaseAnalytics.framework; sourceTree = "<group>"; };
		0A463EA824EECEE1006AA3C7 /* FirebaseCore.framework */ = {isa = PBXFileReference; lastKnownFileType = wrapper.framework; name = FirebaseCore.framework; path = Carthage/Build/iOS/FirebaseCore.framework; sourceTree = "<group>"; };
		0A463EA924EECEE1006AA3C7 /* FIRAnalyticsConnector.framework */ = {isa = PBXFileReference; lastKnownFileType = wrapper.framework; name = FIRAnalyticsConnector.framework; path = Carthage/Build/iOS/FIRAnalyticsConnector.framework; sourceTree = "<group>"; };
		0A463EAA24EECEE1006AA3C7 /* FirebaseCoreDiagnostics.framework */ = {isa = PBXFileReference; lastKnownFileType = wrapper.framework; name = FirebaseCoreDiagnostics.framework; path = Carthage/Build/iOS/FirebaseCoreDiagnostics.framework; sourceTree = "<group>"; };
		0A463EAB24EECEE1006AA3C7 /* nanopb.framework */ = {isa = PBXFileReference; lastKnownFileType = wrapper.framework; name = nanopb.framework; path = Carthage/Build/iOS/nanopb.framework; sourceTree = "<group>"; };
		0A463EC224EED7FD006AA3C7 /* AdSupport.framework */ = {isa = PBXFileReference; lastKnownFileType = wrapper.framework; name = AdSupport.framework; path = System/Library/Frameworks/AdSupport.framework; sourceTree = SDKROOT; };
		0A463EC424EED80D006AA3C7 /* StoreKit.framework */ = {isa = PBXFileReference; lastKnownFileType = wrapper.framework; name = StoreKit.framework; path = System/Library/Frameworks/StoreKit.framework; sourceTree = SDKROOT; };
		0A463EC624EED9DE006AA3C7 /* RemoteConfig+Subscripts.swift */ = {isa = PBXFileReference; lastKnownFileType = sourcecode.swift; path = "RemoteConfig+Subscripts.swift"; sourceTree = "<group>"; };
		0A56AD0C24D9A47B003750B6 /* SwiftyRemoteConfig.framework */ = {isa = PBXFileReference; explicitFileType = wrapper.framework; includeInIndex = 0; path = SwiftyRemoteConfig.framework; sourceTree = BUILT_PRODUCTS_DIR; };
		0A56AD0F24D9A47B003750B6 /* SwiftyRemoteConfig.h */ = {isa = PBXFileReference; lastKnownFileType = sourcecode.c.h; path = SwiftyRemoteConfig.h; sourceTree = "<group>"; };
		0A56AD1024D9A47B003750B6 /* Info.plist */ = {isa = PBXFileReference; lastKnownFileType = text.plist.xml; path = Info.plist; sourceTree = "<group>"; };
		0A56AD1524D9A47B003750B6 /* SwiftyRemoteConfigTests.xctest */ = {isa = PBXFileReference; explicitFileType = wrapper.cfbundle; includeInIndex = 0; path = SwiftyRemoteConfigTests.xctest; sourceTree = BUILT_PRODUCTS_DIR; };
		0A56AD1A24D9A47B003750B6 /* SwiftyRemoteConfigTests.swift */ = {isa = PBXFileReference; lastKnownFileType = sourcecode.swift; path = SwiftyRemoteConfigTests.swift; sourceTree = "<group>"; };
		0A56AD1C24D9A47B003750B6 /* Info.plist */ = {isa = PBXFileReference; lastKnownFileType = text.plist.xml; path = Info.plist; sourceTree = "<group>"; };
		0A57EB3C24F16E4D00BFBC7F /* RemoteConfigObserver.swift */ = {isa = PBXFileReference; lastKnownFileType = sourcecode.swift; path = RemoteConfigObserver.swift; sourceTree = "<group>"; };
		0A57EB3E24F2962D00BFBC7F /* PropertyWrappers.swift */ = {isa = PBXFileReference; lastKnownFileType = sourcecode.swift; path = PropertyWrappers.swift; sourceTree = "<group>"; };
		0A57EB4024F2A2FC00BFBC7F /* RemoteConfig+Observing.swift */ = {isa = PBXFileReference; lastKnownFileType = sourcecode.swift; path = "RemoteConfig+Observing.swift"; sourceTree = "<group>"; };
		0A5B761924E4405D00471622 /* FirebaseABTesting.framework */ = {isa = PBXFileReference; lastKnownFileType = wrapper.framework; name = FirebaseABTesting.framework; path = Carthage/Build/iOS/FirebaseABTesting.framework; sourceTree = "<group>"; };
		0A5B761A24E4405D00471622 /* FirebaseRemoteConfig.framework */ = {isa = PBXFileReference; lastKnownFileType = wrapper.framework; name = FirebaseRemoteConfig.framework; path = Carthage/Build/iOS/FirebaseRemoteConfig.framework; sourceTree = "<group>"; };
		0A5B761B24E4405D00471622 /* Protobuf.framework */ = {isa = PBXFileReference; lastKnownFileType = wrapper.framework; name = Protobuf.framework; path = Carthage/Build/iOS/Protobuf.framework; sourceTree = "<group>"; };
		0A66507124EC3F7E00DF9C19 /* README.md */ = {isa = PBXFileReference; fileEncoding = 4; lastKnownFileType = net.daringfireball.markdown; path = README.md; sourceTree = "<group>"; };
		0A726E9B24EC3D7C006C01A3 /* XCTestManifests.swift */ = {isa = PBXFileReference; lastKnownFileType = sourcecode.swift; path = XCTestManifests.swift; sourceTree = "<group>"; };
		0A726E9D24EC3DA2006C01A3 /* LinuxMain.swift */ = {isa = PBXFileReference; lastKnownFileType = sourcecode.swift; path = LinuxMain.swift; sourceTree = "<group>"; };
		0AAE133724E440C900E86EEF /* RemoteConfig.swift */ = {isa = PBXFileReference; lastKnownFileType = sourcecode.swift; path = RemoteConfig.swift; sourceTree = "<group>"; };
		0AAE133924E444B100E86EEF /* RemoteConfigBridge.swift */ = {isa = PBXFileReference; lastKnownFileType = sourcecode.swift; path = RemoteConfigBridge.swift; sourceTree = "<group>"; };
		0AC2342824F555D40000770F /* SwiftyRemoteConfigExample.app */ = {isa = PBXFileReference; explicitFileType = wrapper.application; includeInIndex = 0; path = SwiftyRemoteConfigExample.app; sourceTree = BUILT_PRODUCTS_DIR; };
		0AC2342A24F555D40000770F /* AppDelegate.swift */ = {isa = PBXFileReference; lastKnownFileType = sourcecode.swift; path = AppDelegate.swift; sourceTree = "<group>"; };
		0AC2342C24F555D40000770F /* SceneDelegate.swift */ = {isa = PBXFileReference; lastKnownFileType = sourcecode.swift; path = SceneDelegate.swift; sourceTree = "<group>"; };
		0AC2342E24F555D40000770F /* ContentView.swift */ = {isa = PBXFileReference; lastKnownFileType = sourcecode.swift; path = ContentView.swift; sourceTree = "<group>"; };
		0AC2343024F555D50000770F /* Assets.xcassets */ = {isa = PBXFileReference; lastKnownFileType = folder.assetcatalog; path = Assets.xcassets; sourceTree = "<group>"; };
		0AC2343324F555D50000770F /* Preview Assets.xcassets */ = {isa = PBXFileReference; lastKnownFileType = folder.assetcatalog; path = "Preview Assets.xcassets"; sourceTree = "<group>"; };
		0AC2343624F555D50000770F /* Base */ = {isa = PBXFileReference; lastKnownFileType = file.storyboard; name = Base; path = Base.lproj/LaunchScreen.storyboard; sourceTree = "<group>"; };
		0AC2343824F555D50000770F /* Info.plist */ = {isa = PBXFileReference; lastKnownFileType = text.plist.xml; path = Info.plist; sourceTree = "<group>"; };
		0AC2346124F55A7D0000770F /* BuiltIns.swift */ = {isa = PBXFileReference; lastKnownFileType = sourcecode.swift; path = BuiltIns.swift; sourceTree = "<group>"; };
/* End PBXFileReference section */

/* Begin PBXFrameworksBuildPhase section */
		0A56AD0924D9A47B003750B6 /* Frameworks */ = {
			isa = PBXFrameworksBuildPhase;
			buildActionMask = 2147483647;
			files = (
				0A5B761C24E4405D00471622 /* FirebaseABTesting.framework in Frameworks */,
				0A463EB424EECEE1006AA3C7 /* GoogleAppMeasurement.framework in Frameworks */,
				0A463EAE24EECEE1006AA3C7 /* FirebaseInstallations.framework in Frameworks */,
				0A463EC024EECEE1006AA3C7 /* nanopb.framework in Frameworks */,
				0A463EBA24EECEE1006AA3C7 /* FirebaseCore.framework in Frameworks */,
				0A463E9C24EECEE1006AA3C7 /* FirebaseRemoteConfig.framework in Frameworks */,
				0A463E9A24EECEE1006AA3C7 /* FirebaseABTesting.framework in Frameworks */,
				0A463EB624EECEE1006AA3C7 /* GoogleUtilities.framework in Frameworks */,
				0A463EB224EECEE1006AA3C7 /* GoogleDataTransport.framework in Frameworks */,
				0A463EC524EED80D006AA3C7 /* StoreKit.framework in Frameworks */,
				0A5B761E24E4405D00471622 /* FirebaseRemoteConfig.framework in Frameworks */,
				0A5B762024E4405D00471622 /* Protobuf.framework in Frameworks */,
				0A463E9E24EECEE1006AA3C7 /* Protobuf.framework in Frameworks */,
				0A463EAC24EECEE1006AA3C7 /* PromisesObjC.framework in Frameworks */,
				0A463EBE24EECEE1006AA3C7 /* FirebaseCoreDiagnostics.framework in Frameworks */,
				0A463EBC24EECEE1006AA3C7 /* FIRAnalyticsConnector.framework in Frameworks */,
				0A463EB824EECEE1006AA3C7 /* FirebaseAnalytics.framework in Frameworks */,
			);
			runOnlyForDeploymentPostprocessing = 0;
		};
		0A56AD1224D9A47B003750B6 /* Frameworks */ = {
			isa = PBXFrameworksBuildPhase;
			buildActionMask = 2147483647;
			files = (
				0A56AD1624D9A47B003750B6 /* SwiftyRemoteConfig.framework in Frameworks */,
			);
			runOnlyForDeploymentPostprocessing = 0;
		};
		0AC2342524F555D40000770F /* Frameworks */ = {
			isa = PBXFrameworksBuildPhase;
			buildActionMask = 2147483647;
			files = (
				0AC2344524F556490000770F /* Firebase.framework in Frameworks */,
				0AC2344F24F556490000770F /* FirebaseInstallations.framework in Frameworks */,
				0AC2345B24F556490000770F /* PromisesObjC.framework in Frameworks */,
				0AC2345324F556490000770F /* GoogleAppMeasurement.framework in Frameworks */,
				0AC2343C24F555FA0000770F /* SwiftyRemoteConfig.framework in Frameworks */,
				0AC2344124F556280000770F /* StoreKit.framework in Frameworks */,
				0AC2344224F556300000770F /* AdSupport.framework in Frameworks */,
				0AC2345D24F556490000770F /* Protobuf.framework in Frameworks */,
				0AC2345724F556490000770F /* GoogleUtilities.framework in Frameworks */,
				0AC2345924F556490000770F /* nanopb.framework in Frameworks */,
				0AC2345124F556490000770F /* FirebaseRemoteConfig.framework in Frameworks */,
				0AC2344B24F556490000770F /* FirebaseCore.framework in Frameworks */,
				0AC2344924F556490000770F /* FirebaseAnalytics.framework in Frameworks */,
				0AC2344D24F556490000770F /* FirebaseCoreDiagnostics.framework in Frameworks */,
				0AC2345524F556490000770F /* GoogleDataTransport.framework in Frameworks */,
				0AC2344324F556490000770F /* FIRAnalyticsConnector.framework in Frameworks */,
				0AC2344724F556490000770F /* FirebaseABTesting.framework in Frameworks */,
			);
			runOnlyForDeploymentPostprocessing = 0;
		};
/* End PBXFrameworksBuildPhase section */

/* Begin PBXGroup section */
		0A2EC7A824F00B000010CB11 /* Utils */ = {
			isa = PBXGroup;
			children = (
				0A2EC7A624F00AFB0010CB11 /* OptionalType.swift */,
			);
			path = Utils;
			sourceTree = "<group>";
		};
		0A56AD0224D9A47B003750B6 = {
			isa = PBXGroup;
			children = (
				0A66507124EC3F7E00DF9C19 /* README.md */,
				0A56AD0F24D9A47B003750B6 /* SwiftyRemoteConfig.h */,
				0A56AD0E24D9A47B003750B6 /* Sources */,
				0A726E9F24EC3DF9006C01A3 /* Tests */,
				0AC2342924F555D40000770F /* SwiftyRemoteConfigExample */,
				0A56AD0D24D9A47B003750B6 /* Products */,
				0A5B761824E4405D00471622 /* Frameworks */,
			);
			sourceTree = "<group>";
		};
		0A56AD0D24D9A47B003750B6 /* Products */ = {
			isa = PBXGroup;
			children = (
				0A56AD0C24D9A47B003750B6 /* SwiftyRemoteConfig.framework */,
				0A56AD1524D9A47B003750B6 /* SwiftyRemoteConfigTests.xctest */,
				0AC2342824F555D40000770F /* SwiftyRemoteConfigExample.app */,
			);
			name = Products;
			sourceTree = "<group>";
		};
		0A56AD0E24D9A47B003750B6 /* Sources */ = {
			isa = PBXGroup;
			children = (
				0AC8312C24EC3C95004FF8D2 /* SwiftyRemoteConfig */,
			);
			path = Sources;
			sourceTree = "<group>";
		};
		0A56AD1924D9A47B003750B6 /* SwiftyRemoteConfigTests */ = {
			isa = PBXGroup;
			children = (
				0A56AD1A24D9A47B003750B6 /* SwiftyRemoteConfigTests.swift */,
				0A56AD1C24D9A47B003750B6 /* Info.plist */,
				0A726E9B24EC3D7C006C01A3 /* XCTestManifests.swift */,
			);
			path = SwiftyRemoteConfigTests;
			sourceTree = "<group>";
		};
		0A57EB3B24F16C4500BFBC7F /* Property Wrapper */ = {
			isa = PBXGroup;
			children = (
				0A57EB3C24F16E4D00BFBC7F /* RemoteConfigObserver.swift */,
				0A57EB3E24F2962D00BFBC7F /* PropertyWrappers.swift */,
			);
			path = "Property Wrapper";
			sourceTree = "<group>";
		};
		0A5B761824E4405D00471622 /* Frameworks */ = {
			isa = PBXGroup;
			children = (
				0A463EC424EED80D006AA3C7 /* StoreKit.framework */,
				0A463EC224EED7FD006AA3C7 /* AdSupport.framework */,
				0A463EA924EECEE1006AA3C7 /* FIRAnalyticsConnector.framework */,
				0A463EA324EECEE1006AA3C7 /* Firebase.framework */,
				0A463EA724EECEE1006AA3C7 /* FirebaseAnalytics.framework */,
				0A463EA824EECEE1006AA3C7 /* FirebaseCore.framework */,
				0A463EAA24EECEE1006AA3C7 /* FirebaseCoreDiagnostics.framework */,
				0A463EA224EECEE1006AA3C7 /* FirebaseInstallations.framework */,
				0A463EA524EECEE1006AA3C7 /* GoogleAppMeasurement.framework */,
				0A463EA424EECEE1006AA3C7 /* GoogleDataTransport.framework */,
				0A463EA624EECEE1006AA3C7 /* GoogleUtilities.framework */,
				0A463EAB24EECEE1006AA3C7 /* nanopb.framework */,
				0A463EA124EECEE1006AA3C7 /* PromisesObjC.framework */,
				0A5B761924E4405D00471622 /* FirebaseABTesting.framework */,
				0A5B761A24E4405D00471622 /* FirebaseRemoteConfig.framework */,
				0A5B761B24E4405D00471622 /* Protobuf.framework */,
			);
			name = Frameworks;
			sourceTree = "<group>";
		};
		0A726E9F24EC3DF9006C01A3 /* Tests */ = {
			isa = PBXGroup;
			children = (
				0A56AD1924D9A47B003750B6 /* SwiftyRemoteConfigTests */,
				0A726E9D24EC3DA2006C01A3 /* LinuxMain.swift */,
			);
			path = Tests;
			sourceTree = "<group>";
		};
		0AC2342924F555D40000770F /* SwiftyRemoteConfigExample */ = {
			isa = PBXGroup;
			children = (
				0AC2342A24F555D40000770F /* AppDelegate.swift */,
				0AC2342C24F555D40000770F /* SceneDelegate.swift */,
				0AC2342E24F555D40000770F /* ContentView.swift */,
				0AC2343024F555D50000770F /* Assets.xcassets */,
				0AC2343524F555D50000770F /* LaunchScreen.storyboard */,
				0AC2343824F555D50000770F /* Info.plist */,
				0AC2343224F555D50000770F /* Preview Content */,
				0A37BCF324F6A1ED004EED03 /* RemoteConfigKeys+Extensions.swift */,
			);
			path = SwiftyRemoteConfigExample;
			sourceTree = "<group>";
		};
		0AC2343224F555D50000770F /* Preview Content */ = {
			isa = PBXGroup;
			children = (
				0AC2343324F555D50000770F /* Preview Assets.xcassets */,
			);
			path = "Preview Content";
			sourceTree = "<group>";
		};
		0AC8312C24EC3C95004FF8D2 /* SwiftyRemoteConfig */ = {
			isa = PBXGroup;
			children = (
				0A57EB3B24F16C4500BFBC7F /* Property Wrapper */,
				0A2EC7A824F00B000010CB11 /* Utils */,
				0A56AD1024D9A47B003750B6 /* Info.plist */,
				0AAE133724E440C900E86EEF /* RemoteConfig.swift */,
				0AAE133924E444B100E86EEF /* RemoteConfigBridge.swift */,
				0A37811424E6E3FB00095153 /* RemoteConfigSerializable.swift */,
				0A37811624E6E4A700095153 /* RemoteConfigKeys.swift */,
				0A37811824E6E4D600095153 /* RemoteConfigKey.swift */,
				0A37811A24E6EDA000095153 /* RemoteConfigAdapter.swift */,
				0A463EC624EED9DE006AA3C7 /* RemoteConfig+Subscripts.swift */,
				0A57EB4024F2A2FC00BFBC7F /* RemoteConfig+Observing.swift */,
				0AC2346124F55A7D0000770F /* BuiltIns.swift */,
			);
			path = SwiftyRemoteConfig;
			sourceTree = "<group>";
		};
/* End PBXGroup section */

/* Begin PBXHeadersBuildPhase section */
		0A56AD0724D9A47B003750B6 /* Headers */ = {
			isa = PBXHeadersBuildPhase;
			buildActionMask = 2147483647;
			files = (
				0A56AD1D24D9A47B003750B6 /* SwiftyRemoteConfig.h in Headers */,
			);
			runOnlyForDeploymentPostprocessing = 0;
		};
/* End PBXHeadersBuildPhase section */

/* Begin PBXNativeTarget section */
		0A56AD0B24D9A47B003750B6 /* SwiftyRemoteConfig */ = {
			isa = PBXNativeTarget;
			buildConfigurationList = 0A56AD2024D9A47B003750B6 /* Build configuration list for PBXNativeTarget "SwiftyRemoteConfig" */;
			buildPhases = (
				0A56AD0724D9A47B003750B6 /* Headers */,
				0A56AD0824D9A47B003750B6 /* Sources */,
				0A56AD0924D9A47B003750B6 /* Frameworks */,
				0A56AD0A24D9A47B003750B6 /* Resources */,
			);
			buildRules = (
			);
			dependencies = (
			);
			name = SwiftyRemoteConfig;
			productName = SwiftyRemoteConfig;
			productReference = 0A56AD0C24D9A47B003750B6 /* SwiftyRemoteConfig.framework */;
			productType = "com.apple.product-type.framework";
		};
		0A56AD1424D9A47B003750B6 /* SwiftyRemoteConfigTests */ = {
			isa = PBXNativeTarget;
			buildConfigurationList = 0A56AD2324D9A47B003750B6 /* Build configuration list for PBXNativeTarget "SwiftyRemoteConfigTests" */;
			buildPhases = (
				0A56AD1124D9A47B003750B6 /* Sources */,
				0A56AD1224D9A47B003750B6 /* Frameworks */,
				0A56AD1324D9A47B003750B6 /* Resources */,
			);
			buildRules = (
			);
			dependencies = (
				0A56AD1824D9A47B003750B6 /* PBXTargetDependency */,
			);
			name = SwiftyRemoteConfigTests;
			productName = SwiftyRemoteConfigTests;
			productReference = 0A56AD1524D9A47B003750B6 /* SwiftyRemoteConfigTests.xctest */;
			productType = "com.apple.product-type.bundle.unit-test";
		};
		0AC2342724F555D40000770F /* SwiftyRemoteConfigExample */ = {
			isa = PBXNativeTarget;
			buildConfigurationList = 0AC2343B24F555D50000770F /* Build configuration list for PBXNativeTarget "SwiftyRemoteConfigExample" */;
			buildPhases = (
				0AC2342424F555D40000770F /* Sources */,
				0AC2342524F555D40000770F /* Frameworks */,
				0AC2342624F555D40000770F /* Resources */,
				0AC2344024F555FA0000770F /* Embed Frameworks */,
			);
			buildRules = (
			);
			dependencies = (
				0AC2343F24F555FA0000770F /* PBXTargetDependency */,
			);
			name = SwiftyRemoteConfigExample;
			productName = SwiftyRemoteConfigExample;
			productReference = 0AC2342824F555D40000770F /* SwiftyRemoteConfigExample.app */;
			productType = "com.apple.product-type.application";
		};
/* End PBXNativeTarget section */

/* Begin PBXProject section */
		0A56AD0324D9A47B003750B6 /* Project object */ = {
			isa = PBXProject;
			attributes = {
				LastSwiftUpdateCheck = 1150;
				LastUpgradeCheck = 1160;
				ORGANIZATIONNAME = "Fumito Ito";
				TargetAttributes = {
					0A56AD0B24D9A47B003750B6 = {
						CreatedOnToolsVersion = 11.6;
						LastSwiftMigration = 1160;
					};
					0A56AD1424D9A47B003750B6 = {
						CreatedOnToolsVersion = 11.6;
					};
					0AC2342724F555D40000770F = {
						CreatedOnToolsVersion = 11.5;
					};
				};
			};
			buildConfigurationList = 0A56AD0624D9A47B003750B6 /* Build configuration list for PBXProject "SwiftyRemoteConfig" */;
			compatibilityVersion = "Xcode 9.3";
			developmentRegion = en;
			hasScannedForEncodings = 0;
			knownRegions = (
				en,
				Base,
			);
			mainGroup = 0A56AD0224D9A47B003750B6;
			productRefGroup = 0A56AD0D24D9A47B003750B6 /* Products */;
			projectDirPath = "";
			projectRoot = "";
			targets = (
				0A56AD0B24D9A47B003750B6 /* SwiftyRemoteConfig */,
				0A56AD1424D9A47B003750B6 /* SwiftyRemoteConfigTests */,
				0AC2342724F555D40000770F /* SwiftyRemoteConfigExample */,
			);
		};
/* End PBXProject section */

/* Begin PBXResourcesBuildPhase section */
		0A56AD0A24D9A47B003750B6 /* Resources */ = {
			isa = PBXResourcesBuildPhase;
			buildActionMask = 2147483647;
			files = (
				0A66507224EC3F7E00DF9C19 /* README.md in Resources */,
			);
			runOnlyForDeploymentPostprocessing = 0;
		};
		0A56AD1324D9A47B003750B6 /* Resources */ = {
			isa = PBXResourcesBuildPhase;
			buildActionMask = 2147483647;
			files = (
			);
			runOnlyForDeploymentPostprocessing = 0;
		};
		0AC2342624F555D40000770F /* Resources */ = {
			isa = PBXResourcesBuildPhase;
			buildActionMask = 2147483647;
			files = (
				0AC2343724F555D50000770F /* LaunchScreen.storyboard in Resources */,
				0AC2343424F555D50000770F /* Preview Assets.xcassets in Resources */,
				0AC2343124F555D50000770F /* Assets.xcassets in Resources */,
			);
			runOnlyForDeploymentPostprocessing = 0;
		};
/* End PBXResourcesBuildPhase section */

/* Begin PBXSourcesBuildPhase section */
		0A56AD0824D9A47B003750B6 /* Sources */ = {
			isa = PBXSourcesBuildPhase;
			buildActionMask = 2147483647;
			files = (
				0A57EB4124F2A2FC00BFBC7F /* RemoteConfig+Observing.swift in Sources */,
				0A37811524E6E3FB00095153 /* RemoteConfigSerializable.swift in Sources */,
				0A57EB3D24F16E4D00BFBC7F /* RemoteConfigObserver.swift in Sources */,
				0A37811B24E6EDA000095153 /* RemoteConfigAdapter.swift in Sources */,
				0AAE133A24E444B100E86EEF /* RemoteConfigBridge.swift in Sources */,
				0AAE133824E440C900E86EEF /* RemoteConfig.swift in Sources */,
				0A37811924E6E4D600095153 /* RemoteConfigKey.swift in Sources */,
				0AC2346324F55A9B0000770F /* BuiltIns.swift in Sources */,
				0A2EC7A724F00AFB0010CB11 /* OptionalType.swift in Sources */,
				0A37811724E6E4A700095153 /* RemoteConfigKeys.swift in Sources */,
				0A57EB3F24F2962D00BFBC7F /* PropertyWrappers.swift in Sources */,
				0A463EC724EED9DE006AA3C7 /* RemoteConfig+Subscripts.swift in Sources */,
			);
			runOnlyForDeploymentPostprocessing = 0;
		};
		0A56AD1124D9A47B003750B6 /* Sources */ = {
			isa = PBXSourcesBuildPhase;
			buildActionMask = 2147483647;
			files = (
				0A56AD1B24D9A47B003750B6 /* SwiftyRemoteConfigTests.swift in Sources */,
				0A726E9C24EC3D7C006C01A3 /* XCTestManifests.swift in Sources */,
			);
			runOnlyForDeploymentPostprocessing = 0;
		};
		0AC2342424F555D40000770F /* Sources */ = {
			isa = PBXSourcesBuildPhase;
			buildActionMask = 2147483647;
			files = (
				0AC2342B24F555D40000770F /* AppDelegate.swift in Sources */,
				0AC2342D24F555D40000770F /* SceneDelegate.swift in Sources */,
				0AC2342F24F555D40000770F /* ContentView.swift in Sources */,
				0A37BCF424F6A1ED004EED03 /* RemoteConfigKeys+Extensions.swift in Sources */,
			);
			runOnlyForDeploymentPostprocessing = 0;
		};
/* End PBXSourcesBuildPhase section */

/* Begin PBXTargetDependency section */
		0A56AD1824D9A47B003750B6 /* PBXTargetDependency */ = {
			isa = PBXTargetDependency;
			target = 0A56AD0B24D9A47B003750B6 /* SwiftyRemoteConfig */;
			targetProxy = 0A56AD1724D9A47B003750B6 /* PBXContainerItemProxy */;
		};
		0AC2343F24F555FA0000770F /* PBXTargetDependency */ = {
			isa = PBXTargetDependency;
			target = 0A56AD0B24D9A47B003750B6 /* SwiftyRemoteConfig */;
			targetProxy = 0AC2343E24F555FA0000770F /* PBXContainerItemProxy */;
		};
/* End PBXTargetDependency section */

/* Begin PBXVariantGroup section */
		0AC2343524F555D50000770F /* LaunchScreen.storyboard */ = {
			isa = PBXVariantGroup;
			children = (
				0AC2343624F555D50000770F /* Base */,
			);
			name = LaunchScreen.storyboard;
			sourceTree = "<group>";
		};
/* End PBXVariantGroup section */

/* Begin XCBuildConfiguration section */
		0A56AD1E24D9A47B003750B6 /* Debug */ = {
			isa = XCBuildConfiguration;
			buildSettings = {
				ALWAYS_SEARCH_USER_PATHS = NO;
				CLANG_ANALYZER_NONNULL = YES;
				CLANG_ANALYZER_NUMBER_OBJECT_CONVERSION = YES_AGGRESSIVE;
				CLANG_CXX_LANGUAGE_STANDARD = "gnu++14";
				CLANG_CXX_LIBRARY = "libc++";
				CLANG_ENABLE_MODULES = YES;
				CLANG_ENABLE_OBJC_ARC = YES;
				CLANG_ENABLE_OBJC_WEAK = YES;
				CLANG_WARN_BLOCK_CAPTURE_AUTORELEASING = YES;
				CLANG_WARN_BOOL_CONVERSION = YES;
				CLANG_WARN_COMMA = YES;
				CLANG_WARN_CONSTANT_CONVERSION = YES;
				CLANG_WARN_DEPRECATED_OBJC_IMPLEMENTATIONS = YES;
				CLANG_WARN_DIRECT_OBJC_ISA_USAGE = YES_ERROR;
				CLANG_WARN_DOCUMENTATION_COMMENTS = YES;
				CLANG_WARN_EMPTY_BODY = YES;
				CLANG_WARN_ENUM_CONVERSION = YES;
				CLANG_WARN_INFINITE_RECURSION = YES;
				CLANG_WARN_INT_CONVERSION = YES;
				CLANG_WARN_NON_LITERAL_NULL_CONVERSION = YES;
				CLANG_WARN_OBJC_IMPLICIT_RETAIN_SELF = YES;
				CLANG_WARN_OBJC_LITERAL_CONVERSION = YES;
				CLANG_WARN_OBJC_ROOT_CLASS = YES_ERROR;
				CLANG_WARN_RANGE_LOOP_ANALYSIS = YES;
				CLANG_WARN_STRICT_PROTOTYPES = YES;
				CLANG_WARN_SUSPICIOUS_MOVE = YES;
				CLANG_WARN_UNGUARDED_AVAILABILITY = YES_AGGRESSIVE;
				CLANG_WARN_UNREACHABLE_CODE = YES;
				CLANG_WARN__DUPLICATE_METHOD_MATCH = YES;
				COPY_PHASE_STRIP = NO;
				CURRENT_PROJECT_VERSION = 1;
				DEBUG_INFORMATION_FORMAT = dwarf;
				ENABLE_STRICT_OBJC_MSGSEND = YES;
				ENABLE_TESTABILITY = YES;
				GCC_C_LANGUAGE_STANDARD = gnu11;
				GCC_DYNAMIC_NO_PIC = NO;
				GCC_NO_COMMON_BLOCKS = YES;
				GCC_OPTIMIZATION_LEVEL = 0;
				GCC_PREPROCESSOR_DEFINITIONS = (
					"DEBUG=1",
					"$(inherited)",
				);
				GCC_WARN_64_TO_32_BIT_CONVERSION = YES;
				GCC_WARN_ABOUT_RETURN_TYPE = YES_ERROR;
				GCC_WARN_UNDECLARED_SELECTOR = YES;
				GCC_WARN_UNINITIALIZED_AUTOS = YES_AGGRESSIVE;
				GCC_WARN_UNUSED_FUNCTION = YES;
				GCC_WARN_UNUSED_VARIABLE = YES;
				IPHONEOS_DEPLOYMENT_TARGET = 11.0;
				MTL_ENABLE_DEBUG_INFO = INCLUDE_SOURCE;
				MTL_FAST_MATH = YES;
				ONLY_ACTIVE_ARCH = YES;
				SDKROOT = iphoneos;
				SWIFT_ACTIVE_COMPILATION_CONDITIONS = DEBUG;
				SWIFT_OPTIMIZATION_LEVEL = "-Onone";
				VERSIONING_SYSTEM = "apple-generic";
				VERSION_INFO_PREFIX = "";
			};
			name = Debug;
		};
		0A56AD1F24D9A47B003750B6 /* Release */ = {
			isa = XCBuildConfiguration;
			buildSettings = {
				ALWAYS_SEARCH_USER_PATHS = NO;
				CLANG_ANALYZER_NONNULL = YES;
				CLANG_ANALYZER_NUMBER_OBJECT_CONVERSION = YES_AGGRESSIVE;
				CLANG_CXX_LANGUAGE_STANDARD = "gnu++14";
				CLANG_CXX_LIBRARY = "libc++";
				CLANG_ENABLE_MODULES = YES;
				CLANG_ENABLE_OBJC_ARC = YES;
				CLANG_ENABLE_OBJC_WEAK = YES;
				CLANG_WARN_BLOCK_CAPTURE_AUTORELEASING = YES;
				CLANG_WARN_BOOL_CONVERSION = YES;
				CLANG_WARN_COMMA = YES;
				CLANG_WARN_CONSTANT_CONVERSION = YES;
				CLANG_WARN_DEPRECATED_OBJC_IMPLEMENTATIONS = YES;
				CLANG_WARN_DIRECT_OBJC_ISA_USAGE = YES_ERROR;
				CLANG_WARN_DOCUMENTATION_COMMENTS = YES;
				CLANG_WARN_EMPTY_BODY = YES;
				CLANG_WARN_ENUM_CONVERSION = YES;
				CLANG_WARN_INFINITE_RECURSION = YES;
				CLANG_WARN_INT_CONVERSION = YES;
				CLANG_WARN_NON_LITERAL_NULL_CONVERSION = YES;
				CLANG_WARN_OBJC_IMPLICIT_RETAIN_SELF = YES;
				CLANG_WARN_OBJC_LITERAL_CONVERSION = YES;
				CLANG_WARN_OBJC_ROOT_CLASS = YES_ERROR;
				CLANG_WARN_RANGE_LOOP_ANALYSIS = YES;
				CLANG_WARN_STRICT_PROTOTYPES = YES;
				CLANG_WARN_SUSPICIOUS_MOVE = YES;
				CLANG_WARN_UNGUARDED_AVAILABILITY = YES_AGGRESSIVE;
				CLANG_WARN_UNREACHABLE_CODE = YES;
				CLANG_WARN__DUPLICATE_METHOD_MATCH = YES;
				COPY_PHASE_STRIP = NO;
				CURRENT_PROJECT_VERSION = 1;
				DEBUG_INFORMATION_FORMAT = "dwarf-with-dsym";
				ENABLE_NS_ASSERTIONS = NO;
				ENABLE_STRICT_OBJC_MSGSEND = YES;
				GCC_C_LANGUAGE_STANDARD = gnu11;
				GCC_NO_COMMON_BLOCKS = YES;
				GCC_WARN_64_TO_32_BIT_CONVERSION = YES;
				GCC_WARN_ABOUT_RETURN_TYPE = YES_ERROR;
				GCC_WARN_UNDECLARED_SELECTOR = YES;
				GCC_WARN_UNINITIALIZED_AUTOS = YES_AGGRESSIVE;
				GCC_WARN_UNUSED_FUNCTION = YES;
				GCC_WARN_UNUSED_VARIABLE = YES;
				IPHONEOS_DEPLOYMENT_TARGET = 11.0;
				MTL_ENABLE_DEBUG_INFO = NO;
				MTL_FAST_MATH = YES;
				SDKROOT = iphoneos;
				SWIFT_COMPILATION_MODE = wholemodule;
				SWIFT_OPTIMIZATION_LEVEL = "-O";
				VALIDATE_PRODUCT = YES;
				VERSIONING_SYSTEM = "apple-generic";
				VERSION_INFO_PREFIX = "";
			};
			name = Release;
		};
		0A56AD2124D9A47B003750B6 /* Debug */ = {
			isa = XCBuildConfiguration;
			buildSettings = {
				CLANG_ENABLE_MODULES = YES;
				CODE_SIGN_STYLE = Automatic;
				DEFINES_MODULE = YES;
				DEVELOPMENT_TEAM = K489QY5CFD;
				DYLIB_COMPATIBILITY_VERSION = 1;
				DYLIB_CURRENT_VERSION = 1;
				DYLIB_INSTALL_NAME_BASE = "@rpath";
				FRAMEWORK_SEARCH_PATHS = (
					"$(inherited)",
					"$(PROJECT_DIR)/Carthage/Build/iOS",
				);
				INFOPLIST_FILE = "$(SRCROOT)/Sources/SwiftyRemoteConfig/Info.plist";
				INSTALL_PATH = "$(LOCAL_LIBRARY_DIR)/Frameworks";
				LD_RUNPATH_SEARCH_PATHS = (
					"$(inherited)",
					"@executable_path/Frameworks",
					"@loader_path/Frameworks",
				);
				MARKETING_VERSION = 0.0.1;
				OTHER_LDFLAGS = "-ObjC";
				PRODUCT_BUNDLE_IDENTIFIER = "com.github.fumito-ito.SwiftyRemoteConfig";
				PRODUCT_NAME = "$(TARGET_NAME:c99extidentifier)";
				SKIP_INSTALL = YES;
				SUPPORTS_MACCATALYST = NO;
				SWIFT_OPTIMIZATION_LEVEL = "-Onone";
				SWIFT_VERSION = 5.0;
				TARGETED_DEVICE_FAMILY = "1,2";
			};
			name = Debug;
		};
		0A56AD2224D9A47B003750B6 /* Release */ = {
			isa = XCBuildConfiguration;
			buildSettings = {
				CLANG_ENABLE_MODULES = YES;
				CODE_SIGN_STYLE = Automatic;
				DEFINES_MODULE = YES;
				DEVELOPMENT_TEAM = K489QY5CFD;
				DYLIB_COMPATIBILITY_VERSION = 1;
				DYLIB_CURRENT_VERSION = 1;
				DYLIB_INSTALL_NAME_BASE = "@rpath";
				FRAMEWORK_SEARCH_PATHS = (
					"$(inherited)",
					"$(PROJECT_DIR)/Carthage/Build/iOS",
				);
				INFOPLIST_FILE = "$(SRCROOT)/Sources/SwiftyRemoteConfig/Info.plist";
				INSTALL_PATH = "$(LOCAL_LIBRARY_DIR)/Frameworks";
				LD_RUNPATH_SEARCH_PATHS = (
					"$(inherited)",
					"@executable_path/Frameworks",
					"@loader_path/Frameworks",
				);
				MARKETING_VERSION = 0.0.1;
				OTHER_LDFLAGS = "-ObjC";
				PRODUCT_BUNDLE_IDENTIFIER = "com.github.fumito-ito.SwiftyRemoteConfig";
				PRODUCT_NAME = "$(TARGET_NAME:c99extidentifier)";
				SKIP_INSTALL = YES;
				SUPPORTS_MACCATALYST = NO;
				SWIFT_VERSION = 5.0;
				TARGETED_DEVICE_FAMILY = "1,2";
			};
			name = Release;
		};
		0A56AD2424D9A47B003750B6 /* Debug */ = {
			isa = XCBuildConfiguration;
			buildSettings = {
				ALWAYS_EMBED_SWIFT_STANDARD_LIBRARIES = YES;
				CODE_SIGN_STYLE = Automatic;
				DEVELOPMENT_TEAM = K489QY5CFD;
				INFOPLIST_FILE = SwiftyRemoteConfigTests/Info.plist;
				LD_RUNPATH_SEARCH_PATHS = (
					"$(inherited)",
					"@executable_path/Frameworks",
					"@loader_path/Frameworks",
				);
				PRODUCT_BUNDLE_IDENTIFIER = "com.github.fumito-ito.SwiftyRemoteConfigTests";
				PRODUCT_NAME = "$(TARGET_NAME)";
				SWIFT_VERSION = 5.0;
				TARGETED_DEVICE_FAMILY = "1,2";
			};
			name = Debug;
		};
		0A56AD2524D9A47B003750B6 /* Release */ = {
			isa = XCBuildConfiguration;
			buildSettings = {
				ALWAYS_EMBED_SWIFT_STANDARD_LIBRARIES = YES;
				CODE_SIGN_STYLE = Automatic;
				DEVELOPMENT_TEAM = K489QY5CFD;
				INFOPLIST_FILE = SwiftyRemoteConfigTests/Info.plist;
				LD_RUNPATH_SEARCH_PATHS = (
					"$(inherited)",
					"@executable_path/Frameworks",
					"@loader_path/Frameworks",
				);
				PRODUCT_BUNDLE_IDENTIFIER = "com.github.fumito-ito.SwiftyRemoteConfigTests";
				PRODUCT_NAME = "$(TARGET_NAME)";
				SWIFT_VERSION = 5.0;
				TARGETED_DEVICE_FAMILY = "1,2";
			};
			name = Release;
		};
		0AC2343924F555D50000770F /* Debug */ = {
			isa = XCBuildConfiguration;
			buildSettings = {
				ASSETCATALOG_COMPILER_APPICON_NAME = AppIcon;
				CODE_SIGN_STYLE = Automatic;
				DEVELOPMENT_ASSET_PATHS = "\"SwiftyRemoteConfigExample/Preview Content\"";
				DEVELOPMENT_TEAM = K489QY5CFD;
				ENABLE_PREVIEWS = YES;
				FRAMEWORK_SEARCH_PATHS = (
					"$(inherited)",
					"$(PROJECT_DIR)/Carthage/Build/iOS",
				);
				INFOPLIST_FILE = SwiftyRemoteConfigExample/Info.plist;
				IPHONEOS_DEPLOYMENT_TARGET = 13.5;
				LD_RUNPATH_SEARCH_PATHS = (
					"$(inherited)",
					"@executable_path/Frameworks",
				);
				PRODUCT_BUNDLE_IDENTIFIER = "com.github.fumito-ito.SwiftyRemoteConfigExample";
				PRODUCT_NAME = "$(TARGET_NAME)";
				SWIFT_VERSION = 5.0;
				TARGETED_DEVICE_FAMILY = "1,2";
			};
			name = Debug;
		};
		0AC2343A24F555D50000770F /* Release */ = {
			isa = XCBuildConfiguration;
			buildSettings = {
				ASSETCATALOG_COMPILER_APPICON_NAME = AppIcon;
				CODE_SIGN_STYLE = Automatic;
				DEVELOPMENT_ASSET_PATHS = "\"SwiftyRemoteConfigExample/Preview Content\"";
				DEVELOPMENT_TEAM = K489QY5CFD;
				ENABLE_PREVIEWS = YES;
				FRAMEWORK_SEARCH_PATHS = (
					"$(inherited)",
					"$(PROJECT_DIR)/Carthage/Build/iOS",
				);
				INFOPLIST_FILE = SwiftyRemoteConfigExample/Info.plist;
				IPHONEOS_DEPLOYMENT_TARGET = 13.5;
				LD_RUNPATH_SEARCH_PATHS = (
					"$(inherited)",
					"@executable_path/Frameworks",
				);
				PRODUCT_BUNDLE_IDENTIFIER = "com.github.fumito-ito.SwiftyRemoteConfigExample";
				PRODUCT_NAME = "$(TARGET_NAME)";
				SWIFT_VERSION = 5.0;
				TARGETED_DEVICE_FAMILY = "1,2";
			};
			name = Release;
		};
/* End XCBuildConfiguration section */

/* Begin XCConfigurationList section */
		0A56AD0624D9A47B003750B6 /* Build configuration list for PBXProject "SwiftyRemoteConfig" */ = {
			isa = XCConfigurationList;
			buildConfigurations = (
				0A56AD1E24D9A47B003750B6 /* Debug */,
				0A56AD1F24D9A47B003750B6 /* Release */,
			);
			defaultConfigurationIsVisible = 0;
			defaultConfigurationName = Release;
		};
		0A56AD2024D9A47B003750B6 /* Build configuration list for PBXNativeTarget "SwiftyRemoteConfig" */ = {
			isa = XCConfigurationList;
			buildConfigurations = (
				0A56AD2124D9A47B003750B6 /* Debug */,
				0A56AD2224D9A47B003750B6 /* Release */,
			);
			defaultConfigurationIsVisible = 0;
			defaultConfigurationName = Release;
		};
		0A56AD2324D9A47B003750B6 /* Build configuration list for PBXNativeTarget "SwiftyRemoteConfigTests" */ = {
			isa = XCConfigurationList;
			buildConfigurations = (
				0A56AD2424D9A47B003750B6 /* Debug */,
				0A56AD2524D9A47B003750B6 /* Release */,
			);
			defaultConfigurationIsVisible = 0;
			defaultConfigurationName = Release;
		};
		0AC2343B24F555D50000770F /* Build configuration list for PBXNativeTarget "SwiftyRemoteConfigExample" */ = {
			isa = XCConfigurationList;
			buildConfigurations = (
				0AC2343924F555D50000770F /* Debug */,
				0AC2343A24F555D50000770F /* Release */,
			);
			defaultConfigurationIsVisible = 0;
			defaultConfigurationName = Release;
		};
/* End XCConfigurationList section */
	};
	rootObject = 0A56AD0324D9A47B003750B6 /* Project object */;
}
